
Microsoft Visual Studio Solution File, Format Version 10.00
# Visual Studio 2008
Project("{FAE04EC0-301F-11D3-BF4B-00C04F79EFBC}") = "me.vsix.mete.plugin.Weather", "me.vsix.mete.plugin.Weather\me.vsix.mete.plugin.Weather.csproj", "{03F7487C-884E-4068-B00B-A12DD53FE190}"
EndProject
Global
	GlobalSection(SolutionConfigurationPlatforms) = preSolution
		Debug|Any CPU = Debug|Any CPU
		Release|Any CPU = Release|Any CPU
	EndGlobalSection
	GlobalSection(ProjectConfigurationPlatforms) = postSolution
		{03F7487C-884E-4068-B00B-A12DD53FE190}.Debug|Any CPU.ActiveCfg = Debug|Any CPU
		{03F7487C-884E-4068-B00B-A12DD53FE190}.Debug|Any CPU.Build.0 = Debug|Any CPU
		{03F7487C-884E-4068-B00B-A12DD53FE190}.Release|Any CPU.ActiveCfg = Release|Any CPU
		{03F7487C-884E-4068-B00B-A12DD53FE190}.Release|Any CPU.Build.0 = Release|Any CPU
	EndGlobalSection
	GlobalSection(SolutionProperties) = preSolution
		HideSolutionNode = FALSE
	EndGlobalSection
EndGlobal
